github.com/zncoder/check v0.0.0-20240921154110-f068e8bec397 h1:AfXTAbzZ59UUOM4LA3OnKVhrYCREx391VN0zqBswoj8=
github.com/zncoder/check v0.0.0-20240921154110-f068e8bec397/go.mod h1:dee1ljbNl8dSrDgTCj3OOfAL5MbG2u4y28MtOlpzJUQ=
github.com/zncoder/mygo v0.0.0-20240923043316-338d88ff1fe8 h1:5xs32YjlWUHleS90OHLRKLNoAiVgFzX5VAowMBRhF/s=
github.com/zncoder/mygo v0.0.0-20240923043316-338d88ff1fe8/go.mod h1:cyuuVK7LaSfcjP1wBTPK4URb6wytc2kDu3Q/tVkAP3I=
golang.org/x/net v0.40.0 h1:79Xs7wF06Gbdcg4kdCCIQArK11Z1hr5POQ6+fIYHNuY=
golang.org/x/net v0.40.0/go.mod h1:y0hY0exeL2Pku80/zKK7tpntoX23cqL3Oa6njdgRtds=
